
Microsoft Visual Studio Solution File, Format Version 12.00
# Visual Studio Version 17
VisualStudioVersion = 17.4.33213.308
MinimumVisualStudioVersion = 10.0.40219.1
Project("{FAE04EC0-301F-11D3-BF4B-00C04F79EFBC}") = "Week2", "Week2\Week2.csproj", "{8C2FC16F-6CAE-49A6-B95D-8868FF538792}"
EndProject
Project("{FAE04EC0-301F-11D3-BF4B-00C04F79EFBC}") = "UserGenderValidation", "UserGenderValidation\UserGenderValidation.csproj", "{658F7B80-A726-4588-BC4B-792A1B66563F}"
EndProject
Project("{FAE04EC0-301F-11D3-BF4B-00C04F79EFBC}") = "UserAgeValidation", "UserAgeValidation\UserAgeValidation.csproj", "{D07D28B1-8B1E-4585-BF58-8F185B0D84FA}"
EndProject
Global
	GlobalSection(SolutionConfigurationPlatforms) = preSolution
		Debug|Any CPU = Debug|Any CPU
		Release|Any CPU = Release|Any CPU
	EndGlobalSection
	GlobalSection(ProjectConfigurationPlatforms) = postSolution
		{8C2FC16F-6CAE-49A6-B95D-8868FF538792}.Debug|Any CPU.ActiveCfg = Debug|Any CPU
		{8C2FC16F-6CAE-49A6-B95D-8868FF538792}.Debug|Any CPU.Build.0 = Debug|Any CPU
		{8C2FC16F-6CAE-49A6-B95D-8868FF538792}.Release|Any CPU.ActiveCfg = Release|Any CPU
		{8C2FC16F-6CAE-49A6-B95D-8868FF538792}.Release|Any CPU.Build.0 = Release|Any CPU
		{658F7B80-A726-4588-BC4B-792A1B66563F}.Debug|Any CPU.ActiveCfg = Debug|Any CPU
		{658F7B80-A726-4588-BC4B-792A1B66563F}.Debug|Any CPU.Build.0 = Debug|Any CPU
		{658F7B80-A726-4588-BC4B-792A1B66563F}.Release|Any CPU.ActiveCfg = Release|Any CPU
		{658F7B80-A726-4588-BC4B-792A1B66563F}.Release|Any CPU.Build.0 = Release|Any CPU
		{D07D28B1-8B1E-4585-BF58-8F185B0D84FA}.Debug|Any CPU.ActiveCfg = Debug|Any CPU
		{D07D28B1-8B1E-4585-BF58-8F185B0D84FA}.Debug|Any CPU.Build.0 = Debug|Any CPU
		{D07D28B1-8B1E-4585-BF58-8F185B0D84FA}.Release|Any CPU.ActiveCfg = Release|Any CPU
		{D07D28B1-8B1E-4585-BF58-8F185B0D84FA}.Release|Any CPU.Build.0 = Release|Any CPU
	EndGlobalSection
	GlobalSection(SolutionProperties) = preSolution
		HideSolutionNode = FALSE
	EndGlobalSection
	GlobalSection(ExtensibilityGlobals) = postSolution
		SolutionGuid = {DCAA9D90-51CD-445E-B615-772E2FC4E97D}
	EndGlobalSection
EndGlobal
